
Microsoft Visual Studio Solution File, Format Version 12.00
# Visual Studio 15
VisualStudioVersion = 15.0.28010.2046
MinimumVisualStudioVersion = 10.0.40219.1
Project("{9A19103F-16F7-4668-BE54-9A1E7A4F7556}") = "JWT_Console", "JWT_Console\JWT_Console.csproj", "{AD8B0B35-AB7F-4E5C-9A61-596385AB3D72}"
EndProject
Project("{9A19103F-16F7-4668-BE54-9A1E7A4F7556}") = "JSON_Web_Tokens", "JSON_Web_Tokens\JSON_Web_Tokens.csproj", "{C0A8A8DC-8E7D-4A1F-9446-61CEDA8F8E5D}"
EndProject
Global
	GlobalSection(SolutionConfigurationPlatforms) = preSolution
		Debug|Any CPU = Debug|Any CPU
		Release|Any CPU = Release|Any CPU
	EndGlobalSection
	GlobalSection(ProjectConfigurationPlatforms) = postSolution
		{AD8B0B35-AB7F-4E5C-9A61-596385AB3D72}.Debug|Any CPU.ActiveCfg = Debug|Any CPU
		{AD8B0B35-AB7F-4E5C-9A61-596385AB3D72}.Debug|Any CPU.Build.0 = Debug|Any CPU
		{AD8B0B35-AB7F-4E5C-9A61-596385AB3D72}.Release|Any CPU.ActiveCfg = Release|Any CPU
		{AD8B0B35-AB7F-4E5C-9A61-596385AB3D72}.Release|Any CPU.Build.0 = Release|Any CPU
		{C0A8A8DC-8E7D-4A1F-9446-61CEDA8F8E5D}.Debug|Any CPU.ActiveCfg = Debug|Any CPU
		{C0A8A8DC-8E7D-4A1F-9446-61CEDA8F8E5D}.Debug|Any CPU.Build.0 = Debug|Any CPU
		{C0A8A8DC-8E7D-4A1F-9446-61CEDA8F8E5D}.Release|Any CPU.ActiveCfg = Release|Any CPU
		{C0A8A8DC-8E7D-4A1F-9446-61CEDA8F8E5D}.Release|Any CPU.Build.0 = Release|Any CPU
	EndGlobalSection
	GlobalSection(SolutionProperties) = preSolution
		HideSolutionNode = FALSE
	EndGlobalSection
	GlobalSection(ExtensibilityGlobals) = postSolution
		SolutionGuid = {2F85CFFA-7E94-4710-B76D-A3F9513AF1A3}
	EndGlobalSection
EndGlobal
